# This file was autogenerated by uv via the following command:
#    uv pip compile requirements.txt -o requirements.lock
astra-plugin-sdk==0.6.1
    # via -r requirements.txt
grpcio==1.84.0
    # via
    #   -r requirements.txt
    #   astra-plugin-sdk
    #   grpcio-tools
grpcio-tools==1.84.0
    # via astra-plugin-sdk
protobuf==7.36.2
    # via
    #   -r requirements.txt
    #   astra-plugin-sdk
    #   grpcio-tools
setuptools==84.0.0
    # via grpcio-tools
typing-extensions==4.16.0
    # via grpcio
